// !$*UTF8*$!
{
	archiveVersion = 1;
	classes = {
	};
	objectVersion = 56;
	objects = {

/* Begin PBXBuildFile section */
		5B59C7A1299107320066AE95 /* CustomCell.swift in Sources */ = {isa = PBXBuildFile; fileRef = 5B59C7A0299107320066AE95 /* CustomCell.swift */; };
		5B6DBA4F298FDC3A0028CA6C /* MenuViewController.swift in Sources */ = {isa = PBXBuildFile; fileRef = 5B6DBA4E298FDC3A0028CA6C /* MenuViewController.swift */; };
		5B94F6172991688B00758CD6 /* DataViewController.swift in Sources */ = {isa = PBXBuildFile; fileRef = 5B94F6162991688B00758CD6 /* DataViewController.swift */; };
		5BCBBF4E298BEE9F0032AE92 /* AppDelegate.swift in Sources */ = {isa = PBXBuildFile; fileRef = 5BCBBF4D298BEE9F0032AE92 /* AppDelegate.swift */; };
		5BCBBF50298BEE9F0032AE92 /* SceneDelegate.swift in Sources */ = {isa = PBXBuildFile; fileRef = 5BCBBF4F298BEE9F0032AE92 /* SceneDelegate.swift */; };
		5BCBBF52298BEE9F0032AE92 /* ViewController.swift in Sources */ = {isa = PBXBuildFile; fileRef = 5BCBBF51298BEE9F0032AE92 /* ViewController.swift */; };
		5BCBBF55298BEE9F0032AE92 /* Main.storyboard in Resources */ = {isa = PBXBuildFile; fileRef = 5BCBBF53298BEE9F0032AE92 /* Main.storyboard */; };
		5BCBBF57298BEEA00032AE92 /* Assets.xcassets in Resources */ = {isa = PBXBuildFile; fileRef = 5BCBBF56298BEEA00032AE92 /* Assets.xcassets */; };
		5BCBBF5A298BEEA00032AE92 /* LaunchScreen.storyboard in Resources */ = {isa = PBXBuildFile; fileRef = 5BCBBF58298BEEA00032AE92 /* LaunchScreen.storyboard */; };
/* End PBXBuildFile section */

/* Begin PBXFileReference section */
		5B59C7A0299107320066AE95 /* CustomCell.swift */ = {isa = PBXFileReference; lastKnownFileType = sourcecode.swift; path = CustomCell.swift; sourceTree = "<group>"; };
		5B6DBA4E298FDC3A0028CA6C /* MenuViewController.swift */ = {isa = PBXFileReference; lastKnownFileType = sourcecode.swift; path = MenuViewController.swift; sourceTree = "<group>"; };
		5B94F6162991688B00758CD6 /* DataViewController.swift */ = {isa = PBXFileReference; lastKnownFileType = sourcecode.swift; path = DataViewController.swift; sourceTree = "<group>"; };
		5BCBBF4A298BEE9F0032AE92 /* indukfood.app */ = {isa = PBXFileReference; explicitFileType = wrapper.application; includeInIndex = 0; path = indukfood.app; sourceTree = BUILT_PRODUCTS_DIR; };
		5BCBBF4D298BEE9F0032AE92 /* AppDelegate.swift */ = {isa = PBXFileReference; lastKnownFileType = sourcecode.swift; path = AppDelegate.swift; sourceTree = "<group>"; };
		5BCBBF4F298BEE9F0032AE92 /* SceneDelegate.swift */ = {isa = PBXFileReference; lastKnownFileType = sourcecode.swift; path = SceneDelegate.swift; sourceTree = "<group>"; };
		5BCBBF51298BEE9F0032AE92 /* ViewController.swift */ = {isa = PBXFileReference; lastKnownFileType = sourcecode.swift; path = ViewController.swift; sourceTree = "<group>"; };
		5BCBBF54298BEE9F0032AE92 /* Base */ = {isa = PBXFileReference; lastKnownFileType = file.storyboard; name = Base; path = Base.lproj/Main.storyboard; sourceTree = "<group>"; };
		5BCBBF56298BEEA00032AE92 /* Assets.xcassets */ = {isa = PBXFileReference; lastKnownFileType = folder.assetcatalog; path = Assets.xcassets; sourceTree = "<group>"; };
		5BCBBF59298BEEA00032AE92 /* Base */ = {isa = PBXFileReference; lastKnownFileType = file.storyboard; name = Base; path = Base.lproj/LaunchScreen.storyboard; sourceTree = "<group>"; };
		5BCBBF5B298BEEA00032AE92 /* Info.plist */ = {isa = PBXFileReference; lastKnownFileType = text.plist.xml; path = Info.plist; sourceTree = "<group>"; };
/* End PBXFileReference section */

/* Begin PBXFrameworksBuildPhase section */
		5BCBBF47298BEE9F0032AE92 /* Frameworks */ = {
			isa = PBXFrameworksBuildPhase;
			buildActionMask = 2147483647;
			files = (
			);
			runOnlyForDeploymentPostprocessing = 0;
		};
/* End PBXFrameworksBuildPhase section */

/* Begin PBXGroup section */
		5BCBBF41298BEE9F0032AE92 = {
			isa = PBXGroup;
			children = (
				5BCBBF4C298BEE9F0032AE92 /* indukfood */,
				5BCBBF4B298BEE9F0032AE92 /* Products */,
			);
			sourceTree = "<group>";
		};
		5BCBBF4B298BEE9F0032AE92 /* Products */ = {
			isa = PBXGroup;
			children = (
				5BCBBF4A298BEE9F0032AE92 /* indukfood.app */,
			);
			name = Products;
			sourceTree = "<group>";
		};
		5BCBBF4C298BEE9F0032AE92 /* indukfood */ = {
			isa = PBXGroup;
			children = (
				5BCBBF4D298BEE9F0032AE92 /* AppDelegate.swift */,
				5BCBBF4F298BEE9F0032AE92 /* SceneDelegate.swift */,
				5BCBBF51298BEE9F0032AE92 /* ViewController.swift */,
				5B6DBA4E298FDC3A0028CA6C /* MenuViewController.swift */,
				5B59C7A0299107320066AE95 /* CustomCell.swift */,
				5B94F6162991688B00758CD6 /* DataViewController.swift */,
				5BCBBF53298BEE9F0032AE92 /* Main.storyboard */,
				5BCBBF56298BEEA00032AE92 /* Assets.xcassets */,
				5BCBBF58298BEEA00032AE92 /* LaunchScreen.storyboard */,
				5BCBBF5B298BEEA00032AE92 /* Info.plist */,
			);
			path = indukfood;
			sourceTree = "<group>";
		};
/* End PBXGroup section */

/* Begin PBXNativeTarget section */
		5BCBBF49298BEE9F0032AE92 /* indukfood */ = {
			isa = PBXNativeTarget;
			buildConfigurationList = 5BCBBF5E298BEEA00032AE92 /* Build configuration list for PBXNativeTarget "indukfood" */;
			buildPhases = (
				5BCBBF46298BEE9F0032AE92 /* Sources */,
				5BCBBF47298BEE9F0032AE92 /* Frameworks */,
				5BCBBF48298BEE9F0032AE92 /* Resources */,
			);
			buildRules = (
			);
			dependencies = (
			);
			name = indukfood;
			productName = indukfood;
			productReference = 5BCBBF4A298BEE9F0032AE92 /* indukfood.app */;
			productType = "com.apple.product-type.application";
		};
/* End PBXNativeTarget section */

/* Begin PBXProject section */
		5BCBBF42298BEE9F0032AE92 /* Project object */ = {
			isa = PBXProject;
			attributes = {
				BuildIndependentTargetsInParallel = 1;
				LastSwiftUpdateCheck = 1420;
				LastUpgradeCheck = 1420;
				TargetAttributes = {
					5BCBBF49298BEE9F0032AE92 = {
						CreatedOnToolsVersion = 14.2;
					};
				};
			};
			buildConfigurationList = 5BCBBF45298BEE9F0032AE92 /* Build configuration list for PBXProject "indukfood" */;
			compatibilityVersion = "Xcode 14.0";
			developmentRegion = en;
			hasScannedForEncodings = 0;
			knownRegions = (
				en,
				Base,
			);
			mainGroup = 5BCBBF41298BEE9F0032AE92;
			productRefGroup = 5BCBBF4B298BEE9F0032AE92 /* Products */;
			projectDirPath = "";
			projectRoot = "";
			targets = (
				5BCBBF49298BEE9F0032AE92 /* indukfood */,
			);
		};
/* End PBXProject section */

/* Begin PBXResourcesBuildPhase section */
		5BCBBF48298BEE9F0032AE92 /* Resources */ = {
			isa = PBXResourcesBuildPhase;
			buildActionMask = 2147483647;
			files = (
				5BCBBF5A298BEEA00032AE92 /* LaunchScreen.storyboard in Resources */,
				5BCBBF57298BEEA00032AE92 /* Assets.xcassets in Resources */,
				5BCBBF55298BEE9F0032AE92 /* Main.storyboard in Resources */,
			);
			runOnlyForDeploymentPostprocessing = 0;
		};
/* End PBXResourcesBuildPhase section */

/* Begin PBXSourcesBuildPhase section */
		5BCBBF46298BEE9F0032AE92 /* Sources */ = {
			isa = PBXSourcesBuildPhase;
			buildActionMask = 2147483647;
			files = (
				5BCBBF52298BEE9F0032AE92 /* ViewController.swift in Sources */,
				5BCBBF4E298BEE9F0032AE92 /* AppDelegate.swift in Sources */,
				5B59C7A1299107320066AE95 /* CustomCell.swift in Sources */,
				5BCBBF50298BEE9F0032AE92 /* SceneDelegate.swift in Sources */,
				5B94F6172991688B00758CD6 /* DataViewController.swift in Sources */,
				5B6DBA4F298FDC3A0028CA6C /* MenuViewController.swift in Sources */,
			);
			runOnlyForDeploymentPostprocessing = 0;
		};
/* End PBXSourcesBuildPhase section */

/* Begin PBXVariantGroup section */
		5BCBBF53298BEE9F0032AE92 /* Main.storyboard */ = {
			isa = PBXVariantGroup;
			children = (
				5BCBBF54298BEE9F0032AE92 /* Base */,
			);
			name = Main.storyboard;
			sourceTree = "<group>";
		};
		5BCBBF58298BEEA00032AE92 /* LaunchScreen.storyboard */ = {
			isa = PBXVariantGroup;
			children = (
				5BCBBF59298BEEA00032AE92 /* Base */,
			);
			name = LaunchScreen.storyboard;
			sourceTree = "<group>";
		};
/* End PBXVariantGroup section */

/* Begin XCBuildConfiguration section */
		5BCBBF5C298BEEA00032AE92 /* Debug */ = {
			isa = XCBuildConfiguration;
			buildSettings = {
				ALWAYS_SEARCH_USER_PATHS = NO;
				CLANG_ANALYZER_NONNULL = YES;
				CLANG_ANALYZER_NUMBER_OBJECT_CONVERSION = YES_AGGRESSIVE;
				CLANG_CXX_LANGUAGE_STANDARD = "gnu++20";
				CLANG_ENABLE_MODULES = YES;
				CLANG_ENABLE_OBJC_ARC = YES;
				CLANG_ENABLE_OBJC_WEAK = YES;
				CLANG_WARN_BLOCK_CAPTURE_AUTORELEASING = YES;
				CLANG_WARN_BOOL_CONVERSION = YES;
				CLANG_WARN_COMMA = YES;
				CLANG_WARN_CONSTANT_CONVERSION = YES;
				CLANG_WARN_DEPRECATED_OBJC_IMPLEMENTATIONS = YES;
				CLANG_WARN_DIRECT_OBJC_ISA_USAGE = YES_ERROR;
				CLANG_WARN_DOCUMENTATION_COMMENTS = YES;
				CLANG_WARN_EMPTY_BODY = YES;
				CLANG_WARN_ENUM_CONVERSION = YES;
				CLANG_WARN_INFINITE_RECURSION = YES;
				CLANG_WARN_INT_CONVERSION = YES;
				CLANG_WARN_NON_LITERAL_NULL_CONVERSION = YES;
				CLANG_WARN_OBJC_IMPLICIT_RETAIN_SELF = YES;
				CLANG_WARN_OBJC_LITERAL_CONVERSION = YES;
				CLANG_WARN_OBJC_ROOT_CLASS = YES_ERROR;
				CLANG_WARN_QUOTED_INCLUDE_IN_FRAMEWORK_HEADER = YES;
				CLANG_WARN_RANGE_LOOP_ANALYSIS = YES;
				CLANG_WARN_STRICT_PROTOTYPES = YES;
				CLANG_WARN_SUSPICIOUS_MOVE = YES;
				CLANG_WARN_UNGUARDED_AVAILABILITY = YES_AGGRESSIVE;
				CLANG_WARN_UNREACHABLE_CODE = YES;
				CLANG_WARN__DUPLICATE_METHOD_MATCH = YES;
				COPY_PHASE_STRIP = NO;
				DEBUG_INFORMATION_FORMAT = dwarf;
				ENABLE_STRICT_OBJC_MSGSEND = YES;
				ENABLE_TESTABILITY = YES;
				GCC_C_LANGUAGE_STANDARD = gnu11;
				GCC_DYNAMIC_NO_PIC = NO;
				GCC_NO_COMMON_BLOCKS = YES;
				GCC_OPTIMIZATION_LEVEL = 0;
				GCC_PREPROCESSOR_DEFINITIONS = (
					"DEBUG=1",
					"$(inherited)",
				);
				GCC_WARN_64_TO_32_BIT_CONVERSION = YES;
				GCC_WARN_ABOUT_RETURN_TYPE = YES_ERROR;
				GCC_WARN_UNDECLARED_SELECTOR = YES;
				GCC_WARN_UNINITIALIZED_AUTOS = YES_AGGRESSIVE;
				GCC_WARN_UNUSED_FUNCTION = YES;
				GCC_WARN_UNUSED_VARIABLE = YES;
				IPHONEOS_DEPLOYMENT_TARGET = 16.2;
				MTL_ENABLE_DEBUG_INFO = INCLUDE_SOURCE;
				MTL_FAST_MATH = YES;
				ONLY_ACTIVE_ARCH = YES;
				SDKROOT = iphoneos;
				SWIFT_ACTIVE_COMPILATION_CONDITIONS = DEBUG;
				SWIFT_OPTIMIZATION_LEVEL = "-Onone";
			};
			name = Debug;
		};
		5BCBBF5D298BEEA00032AE92 /* Release */ = {
			isa = XCBuildConfiguration;
			buildSettings = {
				ALWAYS_SEARCH_USER_PATHS = NO;
				CLANG_ANALYZER_NONNULL = YES;
				CLANG_ANALYZER_NUMBER_OBJECT_CONVERSION = YES_AGGRESSIVE;
				CLANG_CXX_LANGUAGE_STANDARD = "gnu++20";
				CLANG_ENABLE_MODULES = YES;
				CLANG_ENABLE_OBJC_ARC = YES;
				CLANG_ENABLE_OBJC_WEAK = YES;
				CLANG_WARN_BLOCK_CAPTURE_AUTORELEASING = YES;
				CLANG_WARN_BOOL_CONVERSION = YES;
				CLANG_WARN_COMMA = YES;
				CLANG_WARN_CONSTANT_CONVERSION = YES;
				CLANG_WARN_DEPRECATED_OBJC_IMPLEMENTATIONS = YES;
				CLANG_WARN_DIRECT_OBJC_ISA_USAGE = YES_ERROR;
				CLANG_WARN_DOCUMENTATION_COMMENTS = YES;
				CLANG_WARN_EMPTY_BODY = YES;
				CLANG_WARN_ENUM_CONVERSION = YES;
				CLANG_WARN_INFINITE_RECURSION = YES;
				CLANG_WARN_INT_CONVERSION = YES;
				CLANG_WARN_NON_LITERAL_NULL_CONVERSION = YES;
				CLANG_WARN_OBJC_IMPLICIT_RETAIN_SELF = YES;
				CLANG_WARN_OBJC_LITERAL_CONVERSION = YES;
				CLANG_WARN_OBJC_ROOT_CLASS = YES_ERROR;
				CLANG_WARN_QUOTED_INCLUDE_IN_FRAMEWORK_HEADER = YES;
				CLANG_WARN_RANGE_LOOP_ANALYSIS = YES;
				CLANG_WARN_STRICT_PROTOTYPES = YES;
				CLANG_WARN_SUSPICIOUS_MOVE = YES;
				CLANG_WARN_UNGUARDED_AVAILABILITY = YES_AGGRESSIVE;
				CLANG_WARN_UNREACHABLE_CODE = YES;
				CLANG_WARN__DUPLICATE_METHOD_MATCH = YES;
				COPY_PHASE_STRIP = NO;
				DEBUG_INFORMATION_FORMAT = "dwarf-with-dsym";
				ENABLE_NS_ASSERTIONS = NO;
				ENABLE_STRICT_OBJC_MSGSEND = YES;
				GCC_C_LANGUAGE_STANDARD = gnu11;
				GCC_NO_COMMON_BLOCKS = YES;
				GCC_WARN_64_TO_32_BIT_CONVERSION = YES;
				GCC_WARN_ABOUT_RETURN_TYPE = YES_ERROR;
				GCC_WARN_UNDECLARED_SELECTOR = YES;
				GCC_WARN_UNINITIALIZED_AUTOS = YES_AGGRESSIVE;
				GCC_WARN_UNUSED_FUNCTION = YES;
				GCC_WARN_UNUSED_VARIABLE = YES;
				IPHONEOS_DEPLOYMENT_TARGET = 16.2;
				MTL_ENABLE_DEBUG_INFO = NO;
				MTL_FAST_MATH = YES;
				SDKROOT = iphoneos;
				SWIFT_COMPILATION_MODE = wholemodule;
				SWIFT_OPTIMIZATION_LEVEL = "-O";
				VALIDATE_PRODUCT = YES;
			};
			name = Release;
		};
		5BCBBF5F298BEEA00032AE92 /* Debug */ = {
			isa = XCBuildConfiguration;
			buildSettings = {
				ASSETCATALOG_COMPILER_APPICON_NAME = AppIcon;
				ASSETCATALOG_COMPILER_GLOBAL_ACCENT_COLOR_NAME = AccentColor;
				CODE_SIGN_STYLE = Automatic;
				CURRENT_PROJECT_VERSION = 1;
				GENERATE_INFOPLIST_FILE = YES;
				INFOPLIST_FILE = indukfood/Info.plist;
				INFOPLIST_KEY_UIApplicationSupportsIndirectInputEvents = YES;
				INFOPLIST_KEY_UILaunchStoryboardName = LaunchScreen;
				INFOPLIST_KEY_UIMainStoryboardFile = Main;
				INFOPLIST_KEY_UISupportedInterfaceOrientations_iPad = "UIInterfaceOrientationPortrait UIInterfaceOrientationPortraitUpsideDown UIInterfaceOrientationLandscapeLeft UIInterfaceOrientationLandscapeRight";
				INFOPLIST_KEY_UISupportedInterfaceOrientations_iPhone = "UIInterfaceOrientationPortrait UIInterfaceOrientationLandscapeLeft UIInterfaceOrientationLandscapeRight";
				LD_RUNPATH_SEARCH_PATHS = (
					"$(inherited)",
					"@executable_path/Frameworks",
				);
				MARKETING_VERSION = 1.0;
				PRODUCT_BUNDLE_IDENTIFIER = firrst.indukfood;
				PRODUCT_NAME = "$(TARGET_NAME)";
				SWIFT_EMIT_LOC_STRINGS = YES;
				SWIFT_VERSION = 5.0;
				TARGETED_DEVICE_FAMILY = "1,2";
			};
			name = Debug;
		};
		5BCBBF60298BEEA00032AE92 /* Release */ = {
			isa = XCBuildConfiguration;
			buildSettings = {
				ASSETCATALOG_COMPILER_APPICON_NAME = AppIcon;
				ASSETCATALOG_COMPILER_GLOBAL_ACCENT_COLOR_NAME = AccentColor;
				CODE_SIGN_STYLE = Automatic;
				CURRENT_PROJECT_VERSION = 1;
				GENERATE_INFOPLIST_FILE = YES;
				INFOPLIST_FILE = indukfood/Info.plist;
				INFOPLIST_KEY_UIApplicationSupportsIndirectInputEvents = YES;
				INFOPLIST_KEY_UILaunchStoryboardName = LaunchScreen;
				INFOPLIST_KEY_UIMainStoryboardFile = Main;
				INFOPLIST_KEY_UISupportedInterfaceOrientations_iPad = "UIInterfaceOrientationPortrait UIInterfaceOrientationPortraitUpsideDown UIInterfaceOrientationLandscapeLeft UIInterfaceOrientationLandscapeRight";
				INFOPLIST_KEY_UISupportedInterfaceOrientations_iPhone = "UIInterfaceOrientationPortrait UIInterfaceOrientationLandscapeLeft UIInterfaceOrientationLandscapeRight";
				LD_RUNPATH_SEARCH_PATHS = (
					"$(inherited)",
					"@executable_path/Frameworks",
				);
				MARKETING_VERSION = 1.0;
				PRODUCT_BUNDLE_IDENTIFIER = firrst.indukfood;
				PRODUCT_NAME = "$(TARGET_NAME)";
				SWIFT_EMIT_LOC_STRINGS = YES;
				SWIFT_VERSION = 5.0;
				TARGETED_DEVICE_FAMILY = "1,2";
			};
			name = Release;
		};
/* End XCBuildConfiguration section */

/* Begin XCConfigurationList section */
		5BCBBF45298BEE9F0032AE92 /* Build configuration list for PBXProject "indukfood" */ = {
			isa = XCConfigurationList;
			buildConfigurations = (
				5BCBBF5C298BEEA00032AE92 /* Debug */,
				5BCBBF5D298BEEA00032AE92 /* Release */,
			);
			defaultConfigurationIsVisible = 0;
			defaultConfigurationName = Release;
		};
		5BCBBF5E298BEEA00032AE92 /* Build configuration list for PBXNativeTarget "indukfood" */ = {
			isa = XCConfigurationList;
			buildConfigurations = (
				5BCBBF5F298BEEA00032AE92 /* Debug */,
				5BCBBF60298BEEA00032AE92 /* Release */,
			);
			defaultConfigurationIsVisible = 0;
			defaultConfigurationName = Release;
		};
/* End XCConfigurationList section */
	};
	rootObject = 5BCBBF42298BEE9F0032AE92 /* Project object */;
}
